# Generated by pub
# See https://dart.dev/tools/pub/glossary#lockfile
packages:
  beize_shared:
    dependency: "direct main"
    description:
      path: "../beize_shared"
      relative: true
    source: path
    version: "0.0.0"
  lint:
    dependency: transitive
    description:
      name: lint
      sha256: d758a5211fce7fd3f5e316f804daefecdc34c7e53559716125e6da7388ae8565
      url: "https://pub.dev"
    source: hosted
    version: "2.3.0"
  zlint:
    dependency: "direct dev"
    description:
      path: "."
      ref: HEAD
      resolved-ref: "9f3fc307c43ccb41de401083ff16b1e2db4479b0"
      url: "https://github.com/zyrouge/dart_zlint.git"
    source: git
    version: "0.0.0"
sdks:
  dart: ">=3.2.0 <4.0.0"
