# Generated by pub
# See https://dart.dev/tools/pub/glossary#lockfile
packages:
  lint:
    dependency: transitive
    description:
      name: lint
      sha256: f4bd4dbaa39f4ae8836f2d1275f2f32bc68b3a8cce0a0735dd1f7a601f06682a
      url: "https://pub.dev"
    source: hosted
    version: "2.1.2"
  zlint:
    dependency: "direct dev"
    description:
      path: "."
      ref: HEAD
      resolved-ref: "9a635be15e5dead4913b1231fe9e53c060a13640"
      url: "https://github.com/zyrouge/dart_zlint.git"
    source: git
    version: "0.0.0"
sdks:
  dart: ">=3.0.0 <4.0.0"
