# Generated by pub
# See https://dart.dev/tools/pub/glossary#lockfile
packages:
  fubuki_shared:
    dependency: "direct main"
    description:
      path: "../fubuki_shared"
      relative: true
    source: path
    version: "0.0.0"
  fubuki_vm:
    dependency: "direct dev"
    description:
      path: "../fubuki_vm"
      relative: true
    source: path
    version: "0.0.0"
  lint:
    dependency: transitive
    description:
      name: lint
      sha256: "3e9343b1cededcfb1e8b40d0dbd3592b7a1c6c0121545663a991433390c2bc97"
      url: "https://pub.dev"
    source: hosted
    version: "2.0.1"
  path:
    dependency: "direct main"
    description:
      name: path
      sha256: "8829d8a55c13fc0e37127c29fedf290c102f4e40ae94ada574091fe0ff96c917"
      url: "https://pub.dev"
    source: hosted
    version: "1.8.3"
  zlint:
    dependency: "direct dev"
    description:
      path: "."
      ref: HEAD
      resolved-ref: "7646e785237bdc95d93c7095523f51e3bef364e4"
      url: "https://github.com/zyrouge/dart_zlint"
    source: git
    version: "0.0.0"
sdks:
  dart: ">=2.18.0 <4.0.0"
