# Generated by pub
# See https://dart.dev/tools/pub/glossary#lockfile
packages:
  fubuki_shared:
    dependency: "direct main"
    description:
      path: "../fubuki_shared"
      relative: true
    source: path
    version: "0.0.0"
  lint:
    dependency: transitive
    description:
      name: lint
      sha256: "4a539aa34ec5721a2c7574ae2ca0336738ea4adc2a34887d54b7596310b33c85"
      url: "https://pub.dev"
    source: hosted
    version: "1.10.0"
  zlint:
    dependency: "direct dev"
    description:
      path: "."
      ref: HEAD
      resolved-ref: "2992f6e8cdb438fdd203b0c72d46632701ad4d98"
      url: "https://github.com/zyrouge/dart_zlint"
    source: git
    version: "0.0.0"
sdks:
  dart: ">=2.18.0 <4.0.0"
