# Generated by pub
# See https://dart.dev/tools/pub/glossary#lockfile
packages:
  args:
    dependency: "direct main"
    description:
      name: args
      sha256: bf9f5caeea8d8fe6721a9c358dd8a5c1947b27f1cfaa18b39c301273594919e6
      url: "https://pub.dev"
    source: hosted
    version: "2.6.0"
  beize_compiler:
    dependency: "direct main"
    description:
      path: "../beize_compiler"
      relative: true
    source: path
    version: "0.0.0"
  beize_shared:
    dependency: "direct main"
    description:
      path: "../beize_shared"
      relative: true
    source: path
    version: "0.0.0"
  beize_vm:
    dependency: "direct main"
    description:
      path: "../beize_vm"
      relative: true
    source: path
    version: "0.0.0"
  collection:
    dependency: "direct main"
    description:
      name: collection
      sha256: "2f5709ae4d3d59dd8f7cd309b4e023046b57d8a6c82130785d2b0e5868084e76"
      url: "https://pub.dev"
    source: hosted
    version: "1.19.1"
  lint:
    dependency: transitive
    description:
      name: lint
      sha256: d758a5211fce7fd3f5e316f804daefecdc34c7e53559716125e6da7388ae8565
      url: "https://pub.dev"
    source: hosted
    version: "2.3.0"
  path:
    dependency: "direct main"
    description:
      name: path
      sha256: "75cca69d1490965be98c73ceaea117e8a04dd21217b37b292c9ddbec0d955bc5"
      url: "https://pub.dev"
    source: hosted
    version: "1.9.1"
  zlint:
    dependency: "direct dev"
    description:
      path: "."
      ref: HEAD
      resolved-ref: "9f3fc307c43ccb41de401083ff16b1e2db4479b0"
      url: "https://github.com/zyrouge/dart_zlint.git"
    source: git
    version: "0.0.0"
sdks:
  dart: ">=3.4.0 <4.0.0"
