# Generated by pub
# See https://dart.dev/tools/pub/glossary#lockfile
packages:
  baize_shared:
    dependency: "direct main"
    description:
      path: "../baize_shared"
      relative: true
    source: path
    version: "0.0.0"
  baize_vm:
    dependency: "direct dev"
    description:
      path: "../baize_vm"
      relative: true
    source: path
    version: "0.0.0"
  lint:
    dependency: transitive
    description:
      name: lint
      sha256: f4bd4dbaa39f4ae8836f2d1275f2f32bc68b3a8cce0a0735dd1f7a601f06682a
      url: "https://pub.dev"
    source: hosted
    version: "2.1.2"
  path:
    dependency: "direct main"
    description:
      name: path
      sha256: "8829d8a55c13fc0e37127c29fedf290c102f4e40ae94ada574091fe0ff96c917"
      url: "https://pub.dev"
    source: hosted
    version: "1.8.3"
  zlint:
    dependency: "direct dev"
    description:
      path: "."
      ref: HEAD
      resolved-ref: "9a635be15e5dead4913b1231fe9e53c060a13640"
      url: "https://github.com/zyrouge/dart_zlint"
    source: git
    version: "0.0.0"
sdks:
  dart: ">=3.0.0 <4.0.0"
